{
  "requires": true,
  "lockfileVersion": 1,
  "dependencies": {
    "load-script": {
      "version": "1.0.0",
      "resolved": "https://registry.npmjs.org/load-script/-/load-script-1.0.0.tgz",
      "integrity": "sha1-BJGTngvuVkPuSUp+PaPSuscMbKQ="
    },
    "load-script-once": {
      "version": "2.0.0",
      "resolved": "https://registry.npmjs.org/load-script-once/-/load-script-once-2.0.0.tgz",
      "integrity": "sha512-2z2nCnQYfx80ruUpqnpEPu7os9pdwPa3SFxfF6gIZam0MU5PPzl6oP7eqD3DRs6m/tSvDN1gGVpQZ/0wHL2icw==",
      "requires": {
        "load-script": "~1.0.0"
      }
    },
    "vue-daum-map": {
      "version": "1.0.12",
      "resolved": "https://registry.npmjs.org/vue-daum-map/-/vue-daum-map-1.0.12.tgz",
      "integrity": "sha512-KyBOe+iFTYkW4Nt0+1Q9R/86gABVD+lhyvS+4RsBCQXPr9LAYfuTF0VJbIV6ImJ9H8tVdH2XSwl8IJlVhsrzDA==",
      "requires": {
        "load-script-once": "^1.1.2"
      },
      "dependencies": {
        "load-script-once": {
          "version": "1.1.2",
          "resolved": "https://registry.npmjs.org/load-script-once/-/load-script-once-1.1.2.tgz",
          "integrity": "sha1-lMoJufEqeCnx8J9eRAWIu5wzi9A=",
          "requires": {
            "load-script": "~1.0.0"
          }
        }
      }
    },
    "vue-router": {
      "version": "3.0.2",
      "resolved": "https://registry.npmjs.org/vue-router/-/vue-router-3.0.2.tgz",
      "integrity": "sha512-opKtsxjp9eOcFWdp6xLQPLmRGgfM932Tl56U9chYTnoWqKxQ8M20N7AkdEbM5beUh6wICoFGYugAX9vQjyJLFg=="
    }
  }
}
